
Microsoft Visual Studio Solution File, Format Version 12.00
# Visual Studio Version 16
VisualStudioVersion = 16.0.29920.165
MinimumVisualStudioVersion = 10.0.40219.1
Project("{8BC9CEB8-8B4A-11D0-8D11-00A0C91BC942}") = "MVhw_5_01", "MVhw_5_01\MVhw_5_01.vcxproj", "{E7AD6E61-CAA2-4921-AEF2-5D1F2A740B56}"
EndProject
Global
	GlobalSection(SolutionConfigurationPlatforms) = preSolution
		Debug|x64 = Debug|x64
		Debug|x86 = Debug|x86
		Release|x64 = Release|x64
		Release|x86 = Release|x86
	EndGlobalSection
	GlobalSection(ProjectConfigurationPlatforms) = postSolution
		{E7AD6E61-CAA2-4921-AEF2-5D1F2A740B56}.Debug|x64.ActiveCfg = Debug|x64
		{E7AD6E61-CAA2-4921-AEF2-5D1F2A740B56}.Debug|x64.Build.0 = Debug|x64
		{E7AD6E61-CAA2-4921-AEF2-5D1F2A740B56}.Debug|x86.ActiveCfg = Debug|Win32
		{E7AD6E61-CAA2-4921-AEF2-5D1F2A740B56}.Debug|x86.Build.0 = Debug|Win32
		{E7AD6E61-CAA2-4921-AEF2-5D1F2A740B56}.Release|x64.ActiveCfg = Release|x64
		{E7AD6E61-CAA2-4921-AEF2-5D1F2A740B56}.Release|x64.Build.0 = Release|x64
		{E7AD6E61-CAA2-4921-AEF2-5D1F2A740B56}.Release|x86.ActiveCfg = Release|Win32
		{E7AD6E61-CAA2-4921-AEF2-5D1F2A740B56}.Release|x86.Build.0 = Release|Win32
	EndGlobalSection
	GlobalSection(SolutionProperties) = preSolution
		HideSolutionNode = FALSE
	EndGlobalSection
	GlobalSection(ExtensibilityGlobals) = postSolution
		SolutionGuid = {327FA8EB-BB18-4650-B716-444D457B8B59}
	EndGlobalSection
EndGlobal
